
Microsoft Visual Studio Solution File, Format Version 12.00
# Visual Studio Version 17
VisualStudioVersion = 17.8.34511.84
MinimumVisualStudioVersion = 10.0.40219.1
Project("{FAE04EC0-301F-11D3-BF4B-00C04F79EFBC}") = "Carworkshop", "Carworkshop\Carworkshop.csproj", "{888C9F76-6B3F-4843-B3F8-F6B3F353C12E}"
EndProject
Global
	GlobalSection(SolutionConfigurationPlatforms) = preSolution
		Debug|Any CPU = Debug|Any CPU
		Release|Any CPU = Release|Any CPU
	EndGlobalSection
	GlobalSection(ProjectConfigurationPlatforms) = postSolution
		{888C9F76-6B3F-4843-B3F8-F6B3F353C12E}.Debug|Any CPU.ActiveCfg = Debug|Any CPU
		{888C9F76-6B3F-4843-B3F8-F6B3F353C12E}.Debug|Any CPU.Build.0 = Debug|Any CPU
		{888C9F76-6B3F-4843-B3F8-F6B3F353C12E}.Debug|Any CPU.Deploy.0 = Debug|Any CPU
		{888C9F76-6B3F-4843-B3F8-F6B3F353C12E}.Release|Any CPU.ActiveCfg = Release|Any CPU
		{888C9F76-6B3F-4843-B3F8-F6B3F353C12E}.Release|Any CPU.Build.0 = Release|Any CPU
		{888C9F76-6B3F-4843-B3F8-F6B3F353C12E}.Release|Any CPU.Deploy.0 = Release|Any CPU
	EndGlobalSection
	GlobalSection(SolutionProperties) = preSolution
		HideSolutionNode = FALSE
	EndGlobalSection
	GlobalSection(ExtensibilityGlobals) = postSolution
		SolutionGuid = {A1A562CD-C4D8-4EB9-B672-937F42A70727}
	EndGlobalSection
EndGlobal
